# This file is automatically @generated by Cargo.
# It is not intended for manual editing.
version = 3

[[package]]
name = "derrick-adopt"
version = "0.0.0"

[[package]]
name = "derrick-assay"
version = "0.0.0"

[[package]]
name = "derrick-caveman"
version = "0.0.0"

[[package]]
name = "derrick-cli"
version = "0.0.0"

[[package]]
name = "derrick-config"
version = "0.0.0"

[[package]]
name = "derrick-copilot"
version = "0.0.0"

[[package]]
name = "derrick-flow"
version = "0.0.0"

[[package]]
name = "derrick-memory"
version = "0.0.0"

[[package]]
name = "derrick-models"
version = "0.0.0"

[[package]]
name = "derrick-observe"
version = "0.0.0"

[[package]]
name = "derrick-scrub"
version = "0.0.0"

[[package]]
name = "derrick-stack"
version = "0.0.0"

[[package]]
name = "derrick-substrate"
version = "0.0.0"

[[package]]
name = "derrick-substrate-native"
version = "0.0.0"

[[package]]
name = "derrick-tools"
version = "0.0.0"

[[package]]
name = "derrick-tui"
version = "0.0.0"
